
Microsoft Visual Studio Solution File, Format Version 12.00
# Visual Studio Version 17
VisualStudioVersion = 17.9.34723.18
MinimumVisualStudioVersion = 10.0.40219.1
Project("{FAE04EC0-301F-11D3-BF4B-00C04F79EFBC}") = "AUH_Data_viewing_tools", "WindowsFormsApp1\AUH_Data_viewing_tools.csproj", "{A58743EF-A91E-44A1-8523-528821EDAB01}"
EndProject
Global
	GlobalSection(SolutionConfigurationPlatforms) = preSolution
		Debug|Any CPU = Debug|Any CPU
		Release|Any CPU = Release|Any CPU
	EndGlobalSection
	GlobalSection(ProjectConfigurationPlatforms) = postSolution
		{A58743EF-A91E-44A1-8523-528821EDAB01}.Debug|Any CPU.ActiveCfg = Debug|Any CPU
		{A58743EF-A91E-44A1-8523-528821EDAB01}.Debug|Any CPU.Build.0 = Debug|Any CPU
		{A58743EF-A91E-44A1-8523-528821EDAB01}.Release|Any CPU.ActiveCfg = Release|Any CPU
		{A58743EF-A91E-44A1-8523-528821EDAB01}.Release|Any CPU.Build.0 = Release|Any CPU
	EndGlobalSection
	GlobalSection(SolutionProperties) = preSolution
		HideSolutionNode = FALSE
	EndGlobalSection
	GlobalSection(ExtensibilityGlobals) = postSolution
		SolutionGuid = {AFF1BDE2-F77A-419F-AA4D-1EC6817AF908}
	EndGlobalSection
EndGlobal
